Microsoft Visual Studio Solution File, Format Version 12.00
# Visual Studio Version 17
VisualStudioVersion = 17.5.2.0
MinimumVisualStudioVersion = 10.0.40219.1
Project("{FAE04EC0-301F-11D3-BF4B-00C04F79EFBC}") = "SlauthApi", "SlauthApi\SlauthApi.csproj", "{B49A6E4C-CAA9-7796-12BB-4B78E42BF55B}"
EndProject
Global
	GlobalSection(SolutionConfigurationPlatforms) = preSolution
		Debug|Any CPU = Debug|Any CPU
		Release|Any CPU = Release|Any CPU
	EndGlobalSection
	GlobalSection(ProjectConfigurationPlatforms) = postSolution
		{B49A6E4C-CAA9-7796-12BB-4B78E42BF55B}.Debug|Any CPU.ActiveCfg = Debug|Any CPU
		{B49A6E4C-CAA9-7796-12BB-4B78E42BF55B}.Debug|Any CPU.Build.0 = Debug|Any CPU
		{B49A6E4C-CAA9-7796-12BB-4B78E42BF55B}.Release|Any CPU.ActiveCfg = Release|Any CPU
		{B49A6E4C-CAA9-7796-12BB-4B78E42BF55B}.Release|Any CPU.Build.0 = Release|Any CPU
	EndGlobalSection
	GlobalSection(SolutionProperties) = preSolution
		HideSolutionNode = FALSE
	EndGlobalSection
	GlobalSection(ExtensibilityGlobals) = postSolution
		SolutionGuid = {49DC3A1B-363D-449F-87FC-105C93B8EFA9}
	EndGlobalSection
EndGlobal
